// !$*UTF8*$!
{
	archiveVersion = 1;
	classes = {
	};
	objectVersion = 46;
	objects = {

/* Begin PBXBuildFile section */
		A704273413C37EF500EE0776 /* ImageIO.framework in Frameworks */ = {isa = PBXBuildFile; fileRef = A704273313C37EF500EE0776 /* ImageIO.framework */; };
		A704273613C37EFE00EE0776 /* CoreText.framework in Frameworks */ = {isa = PBXBuildFile; fileRef = A704273513C37EFE00EE0776 /* CoreText.framework */; };
		A704273813C37F0500EE0776 /* QuartzCore.framework in Frameworks */ = {isa = PBXBuildFile; fileRef = A704273713C37F0500EE0776 /* QuartzCore.framework */; };
		A704273A13C37F0B00EE0776 /* MediaPlayer.framework in Frameworks */ = {isa = PBXBuildFile; fileRef = A704273913C37F0B00EE0776 /* MediaPlayer.framework */; };
		A743515C1486772100F4C766 /* 43-film-roll.png in Resources */ = {isa = PBXBuildFile; fileRef = A743514F1486772100F4C766 /* 43-film-roll.png */; };
		A743515D1486772100F4C766 /* 43-film-roll@2x.png in Resources */ = {isa = PBXBuildFile; fileRef = A74351501486772100F4C766 /* 43-film-roll@2x.png */; };
		A743515E1486772100F4C766 /* DTRichTextEditorViewController.xib in Resources */ = {isa = PBXBuildFile; fileRef = A74351511486772100F4C766 /* DTRichTextEditorViewController.xib */; };
		A743515F1486772100F4C766 /* Icon.png in Resources */ = {isa = PBXBuildFile; fileRef = A74351521486772100F4C766 /* Icon.png */; };
		A74351601486772100F4C766 /* Icon@2x.png in Resources */ = {isa = PBXBuildFile; fileRef = A74351531486772100F4C766 /* Icon@2x.png */; };
		A74351611486772100F4C766 /* MainWindow.xib in Resources */ = {isa = PBXBuildFile; fileRef = A74351541486772100F4C766 /* MainWindow.xib */; };
		A74351621486772100F4C766 /* DTRichTextEditorAppDelegate.m in Sources */ = {isa = PBXBuildFile; fileRef = A74351571486772100F4C766 /* DTRichTextEditorAppDelegate.m */; };
		A74351631486772100F4C766 /* DTRichTextEditorViewController.m in Sources */ = {isa = PBXBuildFile; fileRef = A74351591486772100F4C766 /* DTRichTextEditorViewController.m */; };
		A74351641486772100F4C766 /* main.m in Sources */ = {isa = PBXBuildFile; fileRef = A743515A1486772100F4C766 /* main.m */; };
		A7470F7814E2A5F10015477A /* libDTLoupe.a in Frameworks */ = {isa = PBXBuildFile; fileRef = A7D8FF8814E2939600BF8CCD /* libDTLoupe.a */; };
		A76F898213C73421007B37C0 /* AssetsLibrary.framework in Frameworks */ = {isa = PBXBuildFile; fileRef = A76F898113C73421007B37C0 /* AssetsLibrary.framework */; };
		A7D728651487C2F300A22742 /* NSAttributedString+DTWebArchive.m in Sources */ = {isa = PBXBuildFile; fileRef = A7D728641487C2F300A22742 /* NSAttributedString+DTWebArchive.m */; };
		A7D728941487C46600A22742 /* DTWebResource+DTRichText.m in Sources */ = {isa = PBXBuildFile; fileRef = A7D728931487C46600A22742 /* DTWebResource+DTRichText.m */; };
		A7D728E21487D1B500A22742 /* NSAttributedString+DTWebArchive.h in Headers */ = {isa = PBXBuildFile; fileRef = A7D728631487C2F300A22742 /* NSAttributedString+DTWebArchive.h */; settings = {ATTRIBUTES = (); }; };
		A7D728E31487D1B500A22742 /* NSAttributedString+DTWebArchive.m in Sources */ = {isa = PBXBuildFile; fileRef = A7D728641487C2F300A22742 /* NSAttributedString+DTWebArchive.m */; };
		A7D728E41487D1B500A22742 /* DTCoreTextLayoutFrame+DTRichText.h in Headers */ = {isa = PBXBuildFile; fileRef = A743511E1486771700F4C766 /* DTCoreTextLayoutFrame+DTRichText.h */; settings = {ATTRIBUTES = (); }; };
		A7D728E51487D1B500A22742 /* DTCoreTextLayoutFrame+DTRichText.m in Sources */ = {isa = PBXBuildFile; fileRef = A743511F1486771700F4C766 /* DTCoreTextLayoutFrame+DTRichText.m */; };
		A7D728E61487D1B500A22742 /* NSAttributedString+DTRichText.h in Headers */ = {isa = PBXBuildFile; fileRef = A74351341486771700F4C766 /* NSAttributedString+DTRichText.h */; settings = {ATTRIBUTES = (); }; };
		A7D728E71487D1B500A22742 /* NSAttributedString+DTRichText.m in Sources */ = {isa = PBXBuildFile; fileRef = A74351351486771700F4C766 /* NSAttributedString+DTRichText.m */; };
		A7D728E81487D1B500A22742 /* NSDictionary+DTRichText.h in Headers */ = {isa = PBXBuildFile; fileRef = A74351361486771700F4C766 /* NSDictionary+DTRichText.h */; settings = {ATTRIBUTES = (); }; };
		A7D728E91487D1B500A22742 /* NSDictionary+DTRichText.m in Sources */ = {isa = PBXBuildFile; fileRef = A74351371486771700F4C766 /* NSDictionary+DTRichText.m */; };
		A7D728EA1487D1B500A22742 /* NSMutableAttributedString+DTRichText.h in Headers */ = {isa = PBXBuildFile; fileRef = A74351381486771700F4C766 /* NSMutableAttributedString+DTRichText.h */; settings = {ATTRIBUTES = (); }; };
		A7D728EB1487D1B500A22742 /* NSMutableAttributedString+DTRichText.m in Sources */ = {isa = PBXBuildFile; fileRef = A74351391486771700F4C766 /* NSMutableAttributedString+DTRichText.m */; };
		A7D728EC1487D1B500A22742 /* NSMutableDictionary+DTRichText.h in Headers */ = {isa = PBXBuildFile; fileRef = A743513A1486771700F4C766 /* NSMutableDictionary+DTRichText.h */; settings = {ATTRIBUTES = (); }; };
		A7D728ED1487D1B500A22742 /* NSMutableDictionary+DTRichText.m in Sources */ = {isa = PBXBuildFile; fileRef = A743513B1486771700F4C766 /* NSMutableDictionary+DTRichText.m */; };
		A7D728EE1487D1B500A22742 /* DTWebResource+DTRichText.h in Headers */ = {isa = PBXBuildFile; fileRef = A7D728921487C46600A22742 /* DTWebResource+DTRichText.h */; settings = {ATTRIBUTES = (); }; };
		A7D728EF1487D1B500A22742 /* DTWebResource+DTRichText.m in Sources */ = {isa = PBXBuildFile; fileRef = A7D728931487C46600A22742 /* DTWebResource+DTRichText.m */; };
		A7D728F01487D1B500A22742 /* DTCursorView.h in Headers */ = {isa = PBXBuildFile; fileRef = A74351201486771700F4C766 /* DTCursorView.h */; settings = {ATTRIBUTES = (); }; };
		A7D728F11487D1B500A22742 /* DTCursorView.m in Sources */ = {isa = PBXBuildFile; fileRef = A74351211486771700F4C766 /* DTCursorView.m */; };
		A7D728F21487D1B500A22742 /* DTMutableCoreTextLayoutFrame.h in Headers */ = {isa = PBXBuildFile; fileRef = A74351221486771700F4C766 /* DTMutableCoreTextLayoutFrame.h */; settings = {ATTRIBUTES = (); }; };
		A7D728F31487D1B500A22742 /* DTMutableCoreTextLayoutFrame.m in Sources */ = {isa = PBXBuildFile; fileRef = A74351231486771700F4C766 /* DTMutableCoreTextLayoutFrame.m */; };
		A7D728F41487D1B500A22742 /* DTRichTextCategories.h in Headers */ = {isa = PBXBuildFile; fileRef = A74351241486771700F4C766 /* DTRichTextCategories.h */; settings = {ATTRIBUTES = (); }; };
		A7D728F51487D1B500A22742 /* DTRichTextCategories.m in Sources */ = {isa = PBXBuildFile; fileRef = A74351251486771700F4C766 /* DTRichTextCategories.m */; };
		A7D728F61487D1B500A22742 /* DTRichTextEditorContentView.h in Headers */ = {isa = PBXBuildFile; fileRef = A74351261486771700F4C766 /* DTRichTextEditorContentView.h */; settings = {ATTRIBUTES = (); }; };
		A7D728F71487D1B500A22742 /* DTRichTextEditorContentView.m in Sources */ = {isa = PBXBuildFile; fileRef = A74351271486771700F4C766 /* DTRichTextEditorContentView.m */; };
		A7D728F81487D1B500A22742 /* DTRichTextEditorView.h in Headers */ = {isa = PBXBuildFile; fileRef = A74351281486771700F4C766 /* DTRichTextEditorView.h */; settings = {ATTRIBUTES = (); }; };
		A7D728F91487D1B500A22742 /* DTRichTextEditorView.m in Sources */ = {isa = PBXBuildFile; fileRef = A74351291486771700F4C766 /* DTRichTextEditorView.m */; };
		A7D728FA1487D1B500A22742 /* DTSelectionGestureRecognizer.h in Headers */ = {isa = PBXBuildFile; fileRef = A743512A1486771700F4C766 /* DTSelectionGestureRecognizer.h */; settings = {ATTRIBUTES = (); }; };
		A7D728FB1487D1B500A22742 /* DTSelectionGestureRecognizer.m in Sources */ = {isa = PBXBuildFile; fileRef = A743512B1486771700F4C766 /* DTSelectionGestureRecognizer.m */; };
		A7D728FC1487D1B500A22742 /* DTTextPosition.h in Headers */ = {isa = PBXBuildFile; fileRef = A743512C1486771700F4C766 /* DTTextPosition.h */; settings = {ATTRIBUTES = (); }; };
		A7D728FD1487D1B500A22742 /* DTTextPosition.m in Sources */ = {isa = PBXBuildFile; fileRef = A743512D1486771700F4C766 /* DTTextPosition.m */; };
		A7D728FE1487D1B500A22742 /* DTTextRange.h in Headers */ = {isa = PBXBuildFile; fileRef = A743512E1486771700F4C766 /* DTTextRange.h */; settings = {ATTRIBUTES = (); }; };
		A7D728FF1487D1B500A22742 /* DTTextRange.m in Sources */ = {isa = PBXBuildFile; fileRef = A743512F1486771700F4C766 /* DTTextRange.m */; };
		A7D729001487D1B500A22742 /* DTTextSelectionView.h in Headers */ = {isa = PBXBuildFile; fileRef = A74351301486771700F4C766 /* DTTextSelectionView.h */; settings = {ATTRIBUTES = (); }; };
		A7D729011487D1B500A22742 /* DTTextSelectionView.m in Sources */ = {isa = PBXBuildFile; fileRef = A74351311486771700F4C766 /* DTTextSelectionView.m */; };
		A7D729021487D1B500A22742 /* DTTiledLayerWithoutFade.h in Headers */ = {isa = PBXBuildFile; fileRef = A74351321486771700F4C766 /* DTTiledLayerWithoutFade.h */; settings = {ATTRIBUTES = (); }; };
		A7D729031487D1B500A22742 /* DTTiledLayerWithoutFade.m in Sources */ = {isa = PBXBuildFile; fileRef = A74351331486771700F4C766 /* DTTiledLayerWithoutFade.m */; };
		A7D729251487D97C00A22742 /* DTCursorView.h in Headers */ = {isa = PBXBuildFile; fileRef = A74351201486771700F4C766 /* DTCursorView.h */; settings = {ATTRIBUTES = (); }; };
		A7D729261487D97C00A22742 /* DTCursorView.m in Sources */ = {isa = PBXBuildFile; fileRef = A74351211486771700F4C766 /* DTCursorView.m */; };
		A7D729271487D97C00A22742 /* DTMutableCoreTextLayoutFrame.h in Headers */ = {isa = PBXBuildFile; fileRef = A74351221486771700F4C766 /* DTMutableCoreTextLayoutFrame.h */; settings = {ATTRIBUTES = (); }; };
		A7D729281487D97C00A22742 /* DTMutableCoreTextLayoutFrame.m in Sources */ = {isa = PBXBuildFile; fileRef = A74351231486771700F4C766 /* DTMutableCoreTextLayoutFrame.m */; };
		A7D729291487D97C00A22742 /* DTRichTextCategories.h in Headers */ = {isa = PBXBuildFile; fileRef = A74351241486771700F4C766 /* DTRichTextCategories.h */; settings = {ATTRIBUTES = (); }; };
		A7D7292A1487D97C00A22742 /* DTRichTextCategories.m in Sources */ = {isa = PBXBuildFile; fileRef = A74351251486771700F4C766 /* DTRichTextCategories.m */; };
		A7D7292B1487D97C00A22742 /* DTRichTextEditorContentView.h in Headers */ = {isa = PBXBuildFile; fileRef = A74351261486771700F4C766 /* DTRichTextEditorContentView.h */; settings = {ATTRIBUTES = (Public, ); }; };
		A7D7292C1487D97C00A22742 /* DTRichTextEditorContentView.m in Sources */ = {isa = PBXBuildFile; fileRef = A74351271486771700F4C766 /* DTRichTextEditorContentView.m */; };
		A7D7292D1487D97C00A22742 /* DTRichTextEditorView.h in Headers */ = {isa = PBXBuildFile; fileRef = A74351281486771700F4C766 /* DTRichTextEditorView.h */; settings = {ATTRIBUTES = (Public, ); }; };
		A7D7292E1487D97C00A22742 /* DTRichTextEditorView.m in Sources */ = {isa = PBXBuildFile; fileRef = A74351291486771700F4C766 /* DTRichTextEditorView.m */; };
		A7D7292F1487D97C00A22742 /* DTSelectionGestureRecognizer.h in Headers */ = {isa = PBXBuildFile; fileRef = A743512A1486771700F4C766 /* DTSelectionGestureRecognizer.h */; settings = {ATTRIBUTES = (); }; };
		A7D729301487D97C00A22742 /* DTSelectionGestureRecognizer.m in Sources */ = {isa = PBXBuildFile; fileRef = A743512B1486771700F4C766 /* DTSelectionGestureRecognizer.m */; };
		A7D729311487D97C00A22742 /* DTTextPosition.h in Headers */ = {isa = PBXBuildFile; fileRef = A743512C1486771700F4C766 /* DTTextPosition.h */; settings = {ATTRIBUTES = (); }; };
		A7D729321487D97C00A22742 /* DTTextPosition.m in Sources */ = {isa = PBXBuildFile; fileRef = A743512D1486771700F4C766 /* DTTextPosition.m */; };
		A7D729331487D97C00A22742 /* DTTextRange.h in Headers */ = {isa = PBXBuildFile; fileRef = A743512E1486771700F4C766 /* DTTextRange.h */; settings = {ATTRIBUTES = (); }; };
		A7D729341487D97C00A22742 /* DTTextRange.m in Sources */ = {isa = PBXBuildFile; fileRef = A743512F1486771700F4C766 /* DTTextRange.m */; };
		A7D729351487D97C00A22742 /* DTTextSelectionView.h in Headers */ = {isa = PBXBuildFile; fileRef = A74351301486771700F4C766 /* DTTextSelectionView.h */; settings = {ATTRIBUTES = (); }; };
		A7D729361487D97C00A22742 /* DTTextSelectionView.m in Sources */ = {isa = PBXBuildFile; fileRef = A74351311486771700F4C766 /* DTTextSelectionView.m */; };
		A7D729371487D97C00A22742 /* DTTiledLayerWithoutFade.h in Headers */ = {isa = PBXBuildFile; fileRef = A74351321486771700F4C766 /* DTTiledLayerWithoutFade.h */; settings = {ATTRIBUTES = (); }; };
		A7D729381487D97C00A22742 /* DTTiledLayerWithoutFade.m in Sources */ = {isa = PBXBuildFile; fileRef = A74351331486771700F4C766 /* DTTiledLayerWithoutFade.m */; };
		A7D7293E1487D9EF00A22742 /* DTRichTextEditor.h in Headers */ = {isa = PBXBuildFile; fileRef = A7D7293D1487D9EE00A22742 /* DTRichTextEditor.h */; settings = {ATTRIBUTES = (Public, ); }; };
		A7D8FEC114E14F7B00BF8CCD /* libDTRichTextEditor.a in Frameworks */ = {isa = PBXBuildFile; fileRef = A7D728D31487D12A00A22742 /* libDTRichTextEditor.a */; };
		A7D8FEC714E1570000BF8CCD /* libDTCoreText.a in Frameworks */ = {isa = PBXBuildFile; fileRef = A7D8FEBA14E14E4500BF8CCD /* libDTCoreText.a */; };
		A7D8FEC814E1570000BF8CCD /* libDTWebArchive.a in Frameworks */ = {isa = PBXBuildFile; fileRef = A7235AA61487A9C100C9F926 /* libDTWebArchive.a */; };
		A7D8FECA14E1571900BF8CCD /* libxml2.dylib in Frameworks */ = {isa = PBXBuildFile; fileRef = A7D8FEC914E1571900BF8CCD /* libxml2.dylib */; };
		A7D8FF9414E294D600BF8CCD /* DTLoupe.bundle in Resources */ = {isa = PBXBuildFile; fileRef = A7D8FF8A14E2939600BF8CCD /* DTLoupe.bundle */; };
		A7F0C84313C326E900EBD027 /* UIKit.framework in Frameworks */ = {isa = PBXBuildFile; fileRef = A7F0C84213C326E900EBD027 /* UIKit.framework */; };
		A7F0C84513C326E900EBD027 /* Foundation.framework in Frameworks */ = {isa = PBXBuildFile; fileRef = A7F0C84413C326E900EBD027 /* Foundation.framework */; };
		A7F0C84713C326E900EBD027 /* CoreGraphics.framework in Frameworks */ = {isa = PBXBuildFile; fileRef = A7F0C84613C326E900EBD027 /* CoreGraphics.framework */; };
/* End PBXBuildFile section */

/* Begin PBXContainerItemProxy section */
		A7235AA31487A9C100C9F926 /* PBXContainerItemProxy */ = {
			isa = PBXContainerItemProxy;
			containerPortal = A7235A9D1487A9C000C9F926 /* DTWebArchive.xcodeproj */;
			proxyType = 2;
			remoteGlobalIDString = A7697CCF1410CC6400F25129;
			remoteInfo = DemoApp;
		};
		A7235AA51487A9C100C9F926 /* PBXContainerItemProxy */ = {
			isa = PBXContainerItemProxy;
			containerPortal = A7235A9D1487A9C000C9F926 /* DTWebArchive.xcodeproj */;
			proxyType = 2;
			remoteGlobalIDString = A743530A14867ACD00F4C766;
			remoteInfo = "Static Library";
		};
		A7A83B001487AAA7006BCBE1 /* PBXContainerItemProxy */ = {
			isa = PBXContainerItemProxy;
			containerPortal = A7235A9D1487A9C000C9F926 /* DTWebArchive.xcodeproj */;
			proxyType = 1;
			remoteGlobalIDString = A743530914867ACD00F4C766;
			remoteInfo = "Static Library";
		};
		A7D729211487D5DD00A22742 /* PBXContainerItemProxy */ = {
			isa = PBXContainerItemProxy;
			containerPortal = A7235A9D1487A9C000C9F926 /* DTWebArchive.xcodeproj */;
			proxyType = 1;
			remoteGlobalIDString = A743530914867ACD00F4C766;
			remoteInfo = "Static Library";
		};
		A7D8FEB514E14E4500BF8CCD /* PBXContainerItemProxy */ = {
			isa = PBXContainerItemProxy;
			containerPortal = A7235A151487A61900C9F926 /* DTCoreText.xcodeproj */;
			proxyType = 2;
			remoteGlobalIDString = 1D6058910D05DD3D006BFB54;
			remoteInfo = DemoApp;
		};
		A7D8FEB714E14E4500BF8CCD /* PBXContainerItemProxy */ = {
			isa = PBXContainerItemProxy;
			containerPortal = A7235A151487A61900C9F926 /* DTCoreText.xcodeproj */;
			proxyType = 2;
			remoteGlobalIDString = A70F119B14863198009202BF;
			remoteInfo = "Static Framework";
		};
		A7D8FEB914E14E4500BF8CCD /* PBXContainerItemProxy */ = {
			isa = PBXContainerItemProxy;
			containerPortal = A7235A151487A61900C9F926 /* DTCoreText.xcodeproj */;
			proxyType = 2;
			remoteGlobalIDString = A70F11DE148632CD009202BF;
			remoteInfo = "Static Library";
		};
		A7D8FEBB14E14E4500BF8CCD /* PBXContainerItemProxy */ = {
			isa = PBXContainerItemProxy;
			containerPortal = A7235A151487A61900C9F926 /* DTCoreText.xcodeproj */;
			proxyType = 2;
			remoteGlobalIDString = A788CA681486456100E1AFD9;
			remoteInfo = UnitTest;
		};
		A7D8FEBD14E14E4500BF8CCD /* PBXContainerItemProxy */ = {
			isa = PBXContainerItemProxy;
			containerPortal = A7235A151487A61900C9F926 /* DTCoreText.xcodeproj */;
			proxyType = 2;
			remoteGlobalIDString = A7949A5814CC456000A8CCDE;
			remoteInfo = MacUnitTest;
		};
		A7D8FEBF14E14F7200BF8CCD /* PBXContainerItemProxy */ = {
			isa = PBXContainerItemProxy;
			containerPortal = A7235A151487A61900C9F926 /* DTCoreText.xcodeproj */;
			proxyType = 1;
			remoteGlobalIDString = A70F11DD148632CD009202BF;
			remoteInfo = "Static Library";
		};
		A7D8FEC314E14FA300BF8CCD /* PBXContainerItemProxy */ = {
			isa = PBXContainerItemProxy;
			containerPortal = A7F0C83513C326E900EBD027 /* Project object */;
			proxyType = 1;
			remoteGlobalIDString = A7D728D21487D12A00A22742;
			remoteInfo = "Static Library";
		};
		A7D8FF8514E2939600BF8CCD /* PBXContainerItemProxy */ = {
			isa = PBXContainerItemProxy;
			containerPortal = A7D8FF7B14E2939500BF8CCD /* DTLoupe.xcodeproj */;
			proxyType = 2;
			remoteGlobalIDString = 0F01D88C13B248CB00419BD7;
			remoteInfo = "Demo App";
		};
		A7D8FF8714E2939600BF8CCD /* PBXContainerItemProxy */ = {
			isa = PBXContainerItemProxy;
			containerPortal = A7D8FF7B14E2939500BF8CCD /* DTLoupe.xcodeproj */;
			proxyType = 2;
			remoteGlobalIDString = A7D8FEE414E1693300BF8CCD;
			remoteInfo = "Static Library";
		};
		A7D8FF8914E2939600BF8CCD /* PBXContainerItemProxy */ = {
			isa = PBXContainerItemProxy;
			containerPortal = A7D8FF7B14E2939500BF8CCD /* DTLoupe.xcodeproj */;
			proxyType = 2;
			remoteGlobalIDString = A7D8FF5B14E17A6600BF8CCD;
			remoteInfo = "Resource Bundle";
		};
		A7D8FF8B14E293D200BF8CCD /* PBXContainerItemProxy */ = {
			isa = PBXContainerItemProxy;
			containerPortal = A7D8FF7B14E2939500BF8CCD /* DTLoupe.xcodeproj */;
			proxyType = 1;
			remoteGlobalIDString = A7D8FF5A14E17A6600BF8CCD;
			remoteInfo = "Resource Bundle";
		};
		A7D8FF8D14E293D700BF8CCD /* PBXContainerItemProxy */ = {
			isa = PBXContainerItemProxy;
			containerPortal = A7D8FF7B14E2939500BF8CCD /* DTLoupe.xcodeproj */;
			proxyType = 1;
			remoteGlobalIDString = A7D8FEE314E1693300BF8CCD;
			remoteInfo = "Static Library";
		};
/* End PBXContainerItemProxy section */

/* Begin PBXFileReference section */
		A704273313C37EF500EE0776 /* ImageIO.framework */ = {isa = PBXFileReference; lastKnownFileType = wrapper.framework; name = ImageIO.framework; path = System/Library/Frameworks/ImageIO.framework; sourceTree = SDKROOT; };
		A704273513C37EFE00EE0776 /* CoreText.framework */ = {isa = PBXFileReference; lastKnownFileType = wrapper.framework; name = CoreText.framework; path = System/Library/Frameworks/CoreText.framework; sourceTree = SDKROOT; };
		A704273713C37F0500EE0776 /* QuartzCore.framework */ = {isa = PBXFileReference; lastKnownFileType = wrapper.framework; name = QuartzCore.framework; path = System/Library/Frameworks/QuartzCore.framework; sourceTree = SDKROOT; };
		A704273913C37F0B00EE0776 /* MediaPlayer.framework */ = {isa = PBXFileReference; lastKnownFileType = wrapper.framework; name = MediaPlayer.framework; path = System/Library/Frameworks/MediaPlayer.framework; sourceTree = SDKROOT; };
		A7235A151487A61900C9F926 /* DTCoreText.xcodeproj */ = {isa = PBXFileReference; lastKnownFileType = "wrapper.pb-project"; name = DTCoreText.xcodeproj; path = DTCoreText/DTCoreText.xcodeproj; sourceTree = "<group>"; };
		A7235A9D1487A9C000C9F926 /* DTWebArchive.xcodeproj */ = {isa = PBXFileReference; lastKnownFileType = "wrapper.pb-project"; name = DTWebArchive.xcodeproj; path = DTWebArchive/DTWebArchive.xcodeproj; sourceTree = "<group>"; };
		A743511E1486771700F4C766 /* DTCoreTextLayoutFrame+DTRichText.h */ = {isa = PBXFileReference; fileEncoding = 4; lastKnownFileType = sourcecode.c.h; path = "DTCoreTextLayoutFrame+DTRichText.h"; sourceTree = "<group>"; };
		A743511F1486771700F4C766 /* DTCoreTextLayoutFrame+DTRichText.m */ = {isa = PBXFileReference; fileEncoding = 4; lastKnownFileType = sourcecode.c.objc; path = "DTCoreTextLayoutFrame+DTRichText.m"; sourceTree = "<group>"; };
		A74351201486771700F4C766 /* DTCursorView.h */ = {isa = PBXFileReference; fileEncoding = 4; lastKnownFileType = sourcecode.c.h; path = DTCursorView.h; sourceTree = "<group>"; };
		A74351211486771700F4C766 /* DTCursorView.m */ = {isa = PBXFileReference; fileEncoding = 4; lastKnownFileType = sourcecode.c.objc; path = DTCursorView.m; sourceTree = "<group>"; };
		A74351221486771700F4C766 /* DTMutableCoreTextLayoutFrame.h */ = {isa = PBXFileReference; fileEncoding = 4; lastKnownFileType = sourcecode.c.h; path = DTMutableCoreTextLayoutFrame.h; sourceTree = "<group>"; };
		A74351231486771700F4C766 /* DTMutableCoreTextLayoutFrame.m */ = {isa = PBXFileReference; fileEncoding = 4; lastKnownFileType = sourcecode.c.objc; path = DTMutableCoreTextLayoutFrame.m; sourceTree = "<group>"; };
		A74351241486771700F4C766 /* DTRichTextCategories.h */ = {isa = PBXFileReference; fileEncoding = 4; lastKnownFileType = sourcecode.c.h; path = DTRichTextCategories.h; sourceTree = "<group>"; };
		A74351251486771700F4C766 /* DTRichTextCategories.m */ = {isa = PBXFileReference; fileEncoding = 4; lastKnownFileType = sourcecode.c.objc; path = DTRichTextCategories.m; sourceTree = "<group>"; };
		A74351261486771700F4C766 /* DTRichTextEditorContentView.h */ = {isa = PBXFileReference; fileEncoding = 4; lastKnownFileType = sourcecode.c.h; path = DTRichTextEditorContentView.h; sourceTree = "<group>"; };
		A74351271486771700F4C766 /* DTRichTextEditorContentView.m */ = {isa = PBXFileReference; fileEncoding = 4; lastKnownFileType = sourcecode.c.objc; path = DTRichTextEditorContentView.m; sourceTree = "<group>"; };
		A74351281486771700F4C766 /* DTRichTextEditorView.h */ = {isa = PBXFileReference; fileEncoding = 4; lastKnownFileType = sourcecode.c.h; path = DTRichTextEditorView.h; sourceTree = "<group>"; };
		A74351291486771700F4C766 /* DTRichTextEditorView.m */ = {isa = PBXFileReference; fileEncoding = 4; lastKnownFileType = sourcecode.c.objc; path = DTRichTextEditorView.m; sourceTree = "<group>"; };
		A743512A1486771700F4C766 /* DTSelectionGestureRecognizer.h */ = {isa = PBXFileReference; fileEncoding = 4; lastKnownFileType = sourcecode.c.h; path = DTSelectionGestureRecognizer.h; sourceTree = "<group>"; };
		A743512B1486771700F4C766 /* DTSelectionGestureRecognizer.m */ = {isa = PBXFileReference; fileEncoding = 4; lastKnownFileType = sourcecode.c.objc; path = DTSelectionGestureRecognizer.m; sourceTree = "<group>"; };
		A743512C1486771700F4C766 /* DTTextPosition.h */ = {isa = PBXFileReference; fileEncoding = 4; lastKnownFileType = sourcecode.c.h; path = DTTextPosition.h; sourceTree = "<group>"; };
		A743512D1486771700F4C766 /* DTTextPosition.m */ = {isa = PBXFileReference; fileEncoding = 4; lastKnownFileType = sourcecode.c.objc; path = DTTextPosition.m; sourceTree = "<group>"; };
		A743512E1486771700F4C766 /* DTTextRange.h */ = {isa = PBXFileReference; fileEncoding = 4; lastKnownFileType = sourcecode.c.h; path = DTTextRange.h; sourceTree = "<group>"; };
		A743512F1486771700F4C766 /* DTTextRange.m */ = {isa = PBXFileReference; fileEncoding = 4; lastKnownFileType = sourcecode.c.objc; path = DTTextRange.m; sourceTree = "<group>"; };
		A74351301486771700F4C766 /* DTTextSelectionView.h */ = {isa = PBXFileReference; fileEncoding = 4; lastKnownFileType = sourcecode.c.h; path = DTTextSelectionView.h; sourceTree = "<group>"; };
		A74351311486771700F4C766 /* DTTextSelectionView.m */ = {isa = PBXFileReference; fileEncoding = 4; lastKnownFileType = sourcecode.c.objc; path = DTTextSelectionView.m; sourceTree = "<group>"; };
		A74351321486771700F4C766 /* DTTiledLayerWithoutFade.h */ = {isa = PBXFileReference; fileEncoding = 4; lastKnownFileType = sourcecode.c.h; path = DTTiledLayerWithoutFade.h; sourceTree = "<group>"; };
		A74351331486771700F4C766 /* DTTiledLayerWithoutFade.m */ = {isa = PBXFileReference; fileEncoding = 4; lastKnownFileType = sourcecode.c.objc; path = DTTiledLayerWithoutFade.m; sourceTree = "<group>"; };
		A74351341486771700F4C766 /* NSAttributedString+DTRichText.h */ = {isa = PBXFileReference; fileEncoding = 4; lastKnownFileType = sourcecode.c.h; path = "NSAttributedString+DTRichText.h"; sourceTree = "<group>"; };
		A74351351486771700F4C766 /* NSAttributedString+DTRichText.m */ = {isa = PBXFileReference; fileEncoding = 4; lastKnownFileType = sourcecode.c.objc; path = "NSAttributedString+DTRichText.m"; sourceTree = "<group>"; };
		A74351361486771700F4C766 /* NSDictionary+DTRichText.h */ = {isa = PBXFileReference; fileEncoding = 4; lastKnownFileType = sourcecode.c.h; path = "NSDictionary+DTRichText.h"; sourceTree = "<group>"; };
		A74351371486771700F4C766 /* NSDictionary+DTRichText.m */ = {isa = PBXFileReference; fileEncoding = 4; lastKnownFileType = sourcecode.c.objc; path = "NSDictionary+DTRichText.m"; sourceTree = "<group>"; };
		A74351381486771700F4C766 /* NSMutableAttributedString+DTRichText.h */ = {isa = PBXFileReference; fileEncoding = 4; lastKnownFileType = sourcecode.c.h; path = "NSMutableAttributedString+DTRichText.h"; sourceTree = "<group>"; };
		A74351391486771700F4C766 /* NSMutableAttributedString+DTRichText.m */ = {isa = PBXFileReference; fileEncoding = 4; lastKnownFileType = sourcecode.c.objc; path = "NSMutableAttributedString+DTRichText.m"; sourceTree = "<group>"; };
		A743513A1486771700F4C766 /* NSMutableDictionary+DTRichText.h */ = {isa = PBXFileReference; fileEncoding = 4; lastKnownFileType = sourcecode.c.h; path = "NSMutableDictionary+DTRichText.h"; sourceTree = "<group>"; };
		A743513B1486771700F4C766 /* NSMutableDictionary+DTRichText.m */ = {isa = PBXFileReference; fileEncoding = 4; lastKnownFileType = sourcecode.c.objc; path = "NSMutableDictionary+DTRichText.m"; sourceTree = "<group>"; };
		A743514C1486772100F4C766 /* DTRichTextEditor-Info.plist */ = {isa = PBXFileReference; fileEncoding = 4; lastKnownFileType = text.plist.xml; path = "DTRichTextEditor-Info.plist"; sourceTree = "<group>"; };
		A743514D1486772100F4C766 /* DTRichTextEditor-Prefix.pch */ = {isa = PBXFileReference; fileEncoding = 4; lastKnownFileType = sourcecode.c.h; path = "DTRichTextEditor-Prefix.pch"; sourceTree = "<group>"; };
		A743514F1486772100F4C766 /* 43-film-roll.png */ = {isa = PBXFileReference; lastKnownFileType = image.png; path = "43-film-roll.png"; sourceTree = "<group>"; };
		A74351501486772100F4C766 /* 43-film-roll@2x.png */ = {isa = PBXFileReference; lastKnownFileType = image.png; path = "43-film-roll@2x.png"; sourceTree = "<group>"; };
		A74351511486772100F4C766 /* DTRichTextEditorViewController.xib */ = {isa = PBXFileReference; fileEncoding = 4; lastKnownFileType = file.xib; path = DTRichTextEditorViewController.xib; sourceTree = "<group>"; };
		A74351521486772100F4C766 /* Icon.png */ = {isa = PBXFileReference; lastKnownFileType = image.png; path = Icon.png; sourceTree = "<group>"; };
		A74351531486772100F4C766 /* Icon@2x.png */ = {isa = PBXFileReference; lastKnownFileType = image.png; path = "Icon@2x.png"; sourceTree = "<group>"; };
		A74351541486772100F4C766 /* MainWindow.xib */ = {isa = PBXFileReference; fileEncoding = 4; lastKnownFileType = file.xib; path = MainWindow.xib; sourceTree = "<group>"; };
		A74351561486772100F4C766 /* DTRichTextEditorAppDelegate.h */ = {isa = PBXFileReference; fileEncoding = 4; lastKnownFileType = sourcecode.c.h; path = DTRichTextEditorAppDelegate.h; sourceTree = "<group>"; };
		A74351571486772100F4C766 /* DTRichTextEditorAppDelegate.m */ = {isa = PBXFileReference; fileEncoding = 4; lastKnownFileType = sourcecode.c.objc; path = DTRichTextEditorAppDelegate.m; sourceTree = "<group>"; };
		A74351581486772100F4C766 /* DTRichTextEditorViewController.h */ = {isa = PBXFileReference; fileEncoding = 4; lastKnownFileType = sourcecode.c.h; path = DTRichTextEditorViewController.h; sourceTree = "<group>"; };
		A74351591486772100F4C766 /* DTRichTextEditorViewController.m */ = {isa = PBXFileReference; fileEncoding = 4; lastKnownFileType = sourcecode.c.objc; path = DTRichTextEditorViewController.m; sourceTree = "<group>"; };
		A743515A1486772100F4C766 /* main.m */ = {isa = PBXFileReference; fileEncoding = 4; lastKnownFileType = sourcecode.c.objc; path = main.m; sourceTree = "<group>"; };
		A76F898113C73421007B37C0 /* AssetsLibrary.framework */ = {isa = PBXFileReference; lastKnownFileType = wrapper.framework; name = AssetsLibrary.framework; path = System/Library/Frameworks/AssetsLibrary.framework; sourceTree = SDKROOT; };
		A7D728631487C2F300A22742 /* NSAttributedString+DTWebArchive.h */ = {isa = PBXFileReference; fileEncoding = 4; lastKnownFileType = sourcecode.c.h; path = "NSAttributedString+DTWebArchive.h"; sourceTree = "<group>"; };
		A7D728641487C2F300A22742 /* NSAttributedString+DTWebArchive.m */ = {isa = PBXFileReference; fileEncoding = 4; lastKnownFileType = sourcecode.c.objc; path = "NSAttributedString+DTWebArchive.m"; sourceTree = "<group>"; };
		A7D728921487C46600A22742 /* DTWebResource+DTRichText.h */ = {isa = PBXFileReference; fileEncoding = 4; lastKnownFileType = sourcecode.c.h; path = "DTWebResource+DTRichText.h"; sourceTree = "<group>"; };
		A7D728931487C46600A22742 /* DTWebResource+DTRichText.m */ = {isa = PBXFileReference; fileEncoding = 4; lastKnownFileType = sourcecode.c.objc; path = "DTWebResource+DTRichText.m"; sourceTree = "<group>"; };
		A7D728D31487D12A00A22742 /* libDTRichTextEditor.a */ = {isa = PBXFileReference; explicitFileType = archive.ar; includeInIndex = 0; path = libDTRichTextEditor.a; sourceTree = BUILT_PRODUCTS_DIR; };
		A7D729051487D2D000A22742 /* DTRichTextEditor-Prefix.pch */ = {isa = PBXFileReference; lastKnownFileType = sourcecode.c.h; path = "DTRichTextEditor-Prefix.pch"; sourceTree = "<group>"; };
		A7D729141487D58A00A22742 /* DTRichTextEditor.framework */ = {isa = PBXFileReference; explicitFileType = wrapper.cfbundle; includeInIndex = 0; path = DTRichTextEditor.framework; sourceTree = BUILT_PRODUCTS_DIR; };
		A7D7293D1487D9EE00A22742 /* DTRichTextEditor.h */ = {isa = PBXFileReference; fileEncoding = 4; lastKnownFileType = sourcecode.c.h; path = DTRichTextEditor.h; sourceTree = "<group>"; };
		A7D729511487DAB100A22742 /* DTRichTextEditor-Info.plist */ = {isa = PBXFileReference; lastKnownFileType = text.plist.xml; path = "DTRichTextEditor-Info.plist"; sourceTree = "<group>"; };
		A7D8FEC914E1571900BF8CCD /* libxml2.dylib */ = {isa = PBXFileReference; lastKnownFileType = "compiled.mach-o.dylib"; name = libxml2.dylib; path = usr/lib/libxml2.dylib; sourceTree = SDKROOT; };
		A7D8FF7B14E2939500BF8CCD /* DTLoupe.xcodeproj */ = {isa = PBXFileReference; lastKnownFileType = "wrapper.pb-project"; name = DTLoupe.xcodeproj; path = DTLoupeView/DTLoupe.xcodeproj; sourceTree = "<group>"; };
		A7F0C83E13C326E900EBD027 /* DemoApp.app */ = {isa = PBXFileReference; explicitFileType = wrapper.application; includeInIndex = 0; path = DemoApp.app; sourceTree = BUILT_PRODUCTS_DIR; };
		A7F0C84213C326E900EBD027 /* UIKit.framework */ = {isa = PBXFileReference; lastKnownFileType = wrapper.framework; name = UIKit.framework; path = System/Library/Frameworks/UIKit.framework; sourceTree = SDKROOT; };
		A7F0C84413C326E900EBD027 /* Foundation.framework */ = {isa = PBXFileReference; lastKnownFileType = wrapper.framework; name = Foundation.framework; path = System/Library/Frameworks/Foundation.framework; sourceTree = SDKROOT; };
		A7F0C84613C326E900EBD027 /* CoreGraphics.framework */ = {isa = PBXFileReference; lastKnownFileType = wrapper.framework; name = CoreGraphics.framework; path = System/Library/Frameworks/CoreGraphics.framework; sourceTree = SDKROOT; };
/* End PBXFileReference section */

/* Begin PBXFrameworksBuildPhase section */
		A7D728D01487D12A00A22742 /* Frameworks */ = {
			isa = PBXFrameworksBuildPhase;
			buildActionMask = 2147483647;
			files = (
				A7470F7814E2A5F10015477A /* libDTLoupe.a in Frameworks */,
				A7D8FEC714E1570000BF8CCD /* libDTCoreText.a in Frameworks */,
				A7D8FEC814E1570000BF8CCD /* libDTWebArchive.a in Frameworks */,
			);
			runOnlyForDeploymentPostprocessing = 0;
		};
		A7D7290F1487D58A00A22742 /* Frameworks */ = {
			isa = PBXFrameworksBuildPhase;
			buildActionMask = 2147483647;
			files = (
			);
			runOnlyForDeploymentPostprocessing = 0;
		};
		A7F0C83B13C326E900EBD027 /* Frameworks */ = {
			isa = PBXFrameworksBuildPhase;
			buildActionMask = 2147483647;
			files = (
				A7D8FECA14E1571900BF8CCD /* libxml2.dylib in Frameworks */,
				A7D8FEC114E14F7B00BF8CCD /* libDTRichTextEditor.a in Frameworks */,
				A76F898213C73421007B37C0 /* AssetsLibrary.framework in Frameworks */,
				A704273A13C37F0B00EE0776 /* MediaPlayer.framework in Frameworks */,
				A704273813C37F0500EE0776 /* QuartzCore.framework in Frameworks */,
				A704273613C37EFE00EE0776 /* CoreText.framework in Frameworks */,
				A704273413C37EF500EE0776 /* ImageIO.framework in Frameworks */,
				A7F0C84313C326E900EBD027 /* UIKit.framework in Frameworks */,
				A7F0C84513C326E900EBD027 /* Foundation.framework in Frameworks */,
				A7F0C84713C326E900EBD027 /* CoreGraphics.framework in Frameworks */,
			);
			runOnlyForDeploymentPostprocessing = 0;
		};
/* End PBXFrameworksBuildPhase section */

/* Begin PBXGroup section */
		A72358D11487A4FF00C9F926 /* Externals */ = {
			isa = PBXGroup;
			children = (
				A7D8FF7B14E2939500BF8CCD /* DTLoupe.xcodeproj */,
				A7235A9D1487A9C000C9F926 /* DTWebArchive.xcodeproj */,
				A7235A151487A61900C9F926 /* DTCoreText.xcodeproj */,
			);
			path = Externals;
			sourceTree = "<group>";
		};
		A7235A9E1487A9C000C9F926 /* Products */ = {
			isa = PBXGroup;
			children = (
				A7235AA41487A9C100C9F926 /* DemoApp.app */,
				A7235AA61487A9C100C9F926 /* libDTWebArchive.a */,
			);
			name = Products;
			sourceTree = "<group>";
		};
		A743511C1486771700F4C766 /* Core */ = {
			isa = PBXGroup;
			children = (
				A7D7293D1487D9EE00A22742 /* DTRichTextEditor.h */,
				A7D729511487DAB100A22742 /* DTRichTextEditor-Info.plist */,
				A7D729051487D2D000A22742 /* DTRichTextEditor-Prefix.pch */,
				A72358D11487A4FF00C9F926 /* Externals */,
				A743511D1486771700F4C766 /* Source */,
			);
			path = Core;
			sourceTree = "<group>";
		};
		A743511D1486771700F4C766 /* Source */ = {
			isa = PBXGroup;
			children = (
				A7D728CE1487CF7C00A22742 /* Glue */,
				A74351201486771700F4C766 /* DTCursorView.h */,
				A74351211486771700F4C766 /* DTCursorView.m */,
				A74351221486771700F4C766 /* DTMutableCoreTextLayoutFrame.h */,
				A74351231486771700F4C766 /* DTMutableCoreTextLayoutFrame.m */,
				A74351241486771700F4C766 /* DTRichTextCategories.h */,
				A74351251486771700F4C766 /* DTRichTextCategories.m */,
				A74351261486771700F4C766 /* DTRichTextEditorContentView.h */,
				A74351271486771700F4C766 /* DTRichTextEditorContentView.m */,
				A74351281486771700F4C766 /* DTRichTextEditorView.h */,
				A74351291486771700F4C766 /* DTRichTextEditorView.m */,
				A743512A1486771700F4C766 /* DTSelectionGestureRecognizer.h */,
				A743512B1486771700F4C766 /* DTSelectionGestureRecognizer.m */,
				A743512C1486771700F4C766 /* DTTextPosition.h */,
				A743512D1486771700F4C766 /* DTTextPosition.m */,
				A743512E1486771700F4C766 /* DTTextRange.h */,
				A743512F1486771700F4C766 /* DTTextRange.m */,
				A74351301486771700F4C766 /* DTTextSelectionView.h */,
				A74351311486771700F4C766 /* DTTextSelectionView.m */,
				A74351321486771700F4C766 /* DTTiledLayerWithoutFade.h */,
				A74351331486771700F4C766 /* DTTiledLayerWithoutFade.m */,
			);
			path = Source;
			sourceTree = "<group>";
		};
		A743514B1486772100F4C766 /* Demo */ = {
			isa = PBXGroup;
			children = (
				A743514C1486772100F4C766 /* DTRichTextEditor-Info.plist */,
				A743514D1486772100F4C766 /* DTRichTextEditor-Prefix.pch */,
				A743514E1486772100F4C766 /* Resources */,
				A74351551486772100F4C766 /* Source */,
			);
			path = Demo;
			sourceTree = "<group>";
		};
		A743514E1486772100F4C766 /* Resources */ = {
			isa = PBXGroup;
			children = (
				A743514F1486772100F4C766 /* 43-film-roll.png */,
				A74351501486772100F4C766 /* 43-film-roll@2x.png */,
				A74351511486772100F4C766 /* DTRichTextEditorViewController.xib */,
				A74351521486772100F4C766 /* Icon.png */,
				A74351531486772100F4C766 /* Icon@2x.png */,
				A74351541486772100F4C766 /* MainWindow.xib */,
			);
			path = Resources;
			sourceTree = "<group>";
		};
		A74351551486772100F4C766 /* Source */ = {
			isa = PBXGroup;
			children = (
				A74351561486772100F4C766 /* DTRichTextEditorAppDelegate.h */,
				A74351571486772100F4C766 /* DTRichTextEditorAppDelegate.m */,
				A74351581486772100F4C766 /* DTRichTextEditorViewController.h */,
				A74351591486772100F4C766 /* DTRichTextEditorViewController.m */,
				A743515A1486772100F4C766 /* main.m */,
			);
			path = Source;
			sourceTree = "<group>";
		};
		A7D728CE1487CF7C00A22742 /* Glue */ = {
			isa = PBXGroup;
			children = (
				A7D728631487C2F300A22742 /* NSAttributedString+DTWebArchive.h */,
				A7D728641487C2F300A22742 /* NSAttributedString+DTWebArchive.m */,
				A743511E1486771700F4C766 /* DTCoreTextLayoutFrame+DTRichText.h */,
				A743511F1486771700F4C766 /* DTCoreTextLayoutFrame+DTRichText.m */,
				A74351341486771700F4C766 /* NSAttributedString+DTRichText.h */,
				A74351351486771700F4C766 /* NSAttributedString+DTRichText.m */,
				A74351361486771700F4C766 /* NSDictionary+DTRichText.h */,
				A74351371486771700F4C766 /* NSDictionary+DTRichText.m */,
				A74351381486771700F4C766 /* NSMutableAttributedString+DTRichText.h */,
				A74351391486771700F4C766 /* NSMutableAttributedString+DTRichText.m */,
				A743513A1486771700F4C766 /* NSMutableDictionary+DTRichText.h */,
				A743513B1486771700F4C766 /* NSMutableDictionary+DTRichText.m */,
				A7D728921487C46600A22742 /* DTWebResource+DTRichText.h */,
				A7D728931487C46600A22742 /* DTWebResource+DTRichText.m */,
			);
			name = Glue;
			sourceTree = "<group>";
		};
		A7D8FEAE14E14E4500BF8CCD /* Products */ = {
			isa = PBXGroup;
			children = (
				A7D8FEB614E14E4500BF8CCD /* DemoApp.app */,
				A7D8FEB814E14E4500BF8CCD /* DTCoreText.framework */,
				A7D8FEBA14E14E4500BF8CCD /* libDTCoreText.a */,
				A7D8FEBC14E14E4500BF8CCD /* UnitTest.octest */,
				A7D8FEBE14E14E4500BF8CCD /* MacUnitTest.octest */,
			);
			name = Products;
			sourceTree = "<group>";
		};
		A7D8FF7C14E2939500BF8CCD /* Products */ = {
			isa = PBXGroup;
			children = (
				A7D8FF8614E2939600BF8CCD /* Demo App.app */,
				A7D8FF8814E2939600BF8CCD /* libDTLoupe.a */,
				A7D8FF8A14E2939600BF8CCD /* DTLoupe.bundle */,
			);
			name = Products;
			sourceTree = "<group>";
		};
		A7F0C83313C326E900EBD027 = {
			isa = PBXGroup;
			children = (
				A743511C1486771700F4C766 /* Core */,
				A743514B1486772100F4C766 /* Demo */,
				A7F0C84113C326E900EBD027 /* Frameworks */,
				A7F0C83F13C326E900EBD027 /* Products */,
			);
			sourceTree = "<group>";
		};
		A7F0C83F13C326E900EBD027 /* Products */ = {
			isa = PBXGroup;
			children = (
				A7F0C83E13C326E900EBD027 /* DemoApp.app */,
				A7D728D31487D12A00A22742 /* libDTRichTextEditor.a */,
				A7D729141487D58A00A22742 /* DTRichTextEditor.framework */,
			);
			name = Products;
			sourceTree = "<group>";
		};
		A7F0C84113C326E900EBD027 /* Frameworks */ = {
			isa = PBXGroup;
			children = (
				A7D8FEC914E1571900BF8CCD /* libxml2.dylib */,
				A76F898113C73421007B37C0 /* AssetsLibrary.framework */,
				A704273913C37F0B00EE0776 /* MediaPlayer.framework */,
				A704273713C37F0500EE0776 /* QuartzCore.framework */,
				A704273513C37EFE00EE0776 /* CoreText.framework */,
				A704273313C37EF500EE0776 /* ImageIO.framework */,
				A7F0C84213C326E900EBD027 /* UIKit.framework */,
				A7F0C84413C326E900EBD027 /* Foundation.framework */,
				A7F0C84613C326E900EBD027 /* CoreGraphics.framework */,
			);
			name = Frameworks;
			sourceTree = "<group>";
		};
/* End PBXGroup section */

/* Begin PBXHeadersBuildPhase section */
		A7D728D11487D12A00A22742 /* Headers */ = {
			isa = PBXHeadersBuildPhase;
			buildActionMask = 2147483647;
			files = (
				A7D728E21487D1B500A22742 /* NSAttributedString+DTWebArchive.h in Headers */,
				A7D728E41487D1B500A22742 /* DTCoreTextLayoutFrame+DTRichText.h in Headers */,
				A7D728E61487D1B500A22742 /* NSAttributedString+DTRichText.h in Headers */,
				A7D728E81487D1B500A22742 /* NSDictionary+DTRichText.h in Headers */,
				A7D728EA1487D1B500A22742 /* NSMutableAttributedString+DTRichText.h in Headers */,
				A7D728EC1487D1B500A22742 /* NSMutableDictionary+DTRichText.h in Headers */,
				A7D728EE1487D1B500A22742 /* DTWebResource+DTRichText.h in Headers */,
				A7D728F01487D1B500A22742 /* DTCursorView.h in Headers */,
				A7D728F21487D1B500A22742 /* DTMutableCoreTextLayoutFrame.h in Headers */,
				A7D728F41487D1B500A22742 /* DTRichTextCategories.h in Headers */,
				A7D728F61487D1B500A22742 /* DTRichTextEditorContentView.h in Headers */,
				A7D728F81487D1B500A22742 /* DTRichTextEditorView.h in Headers */,
				A7D728FA1487D1B500A22742 /* DTSelectionGestureRecognizer.h in Headers */,
				A7D728FC1487D1B500A22742 /* DTTextPosition.h in Headers */,
				A7D728FE1487D1B500A22742 /* DTTextRange.h in Headers */,
				A7D729001487D1B500A22742 /* DTTextSelectionView.h in Headers */,
				A7D729021487D1B500A22742 /* DTTiledLayerWithoutFade.h in Headers */,
			);
			runOnlyForDeploymentPostprocessing = 0;
		};
		A7D729101487D58A00A22742 /* Headers */ = {
			isa = PBXHeadersBuildPhase;
			buildActionMask = 2147483647;
			files = (
				A7D729251487D97C00A22742 /* DTCursorView.h in Headers */,
				A7D729271487D97C00A22742 /* DTMutableCoreTextLayoutFrame.h in Headers */,
				A7D729291487D97C00A22742 /* DTRichTextCategories.h in Headers */,
				A7D7292B1487D97C00A22742 /* DTRichTextEditorContentView.h in Headers */,
				A7D7292D1487D97C00A22742 /* DTRichTextEditorView.h in Headers */,
				A7D7292F1487D97C00A22742 /* DTSelectionGestureRecognizer.h in Headers */,
				A7D729311487D97C00A22742 /* DTTextPosition.h in Headers */,
				A7D729331487D97C00A22742 /* DTTextRange.h in Headers */,
				A7D729351487D97C00A22742 /* DTTextSelectionView.h in Headers */,
				A7D729371487D97C00A22742 /* DTTiledLayerWithoutFade.h in Headers */,
				A7D7293E1487D9EF00A22742 /* DTRichTextEditor.h in Headers */,
			);
			runOnlyForDeploymentPostprocessing = 0;
		};
/* End PBXHeadersBuildPhase section */

/* Begin PBXNativeTarget section */
		A7D728D21487D12A00A22742 /* Static Library */ = {
			isa = PBXNativeTarget;
			buildConfigurationList = A7D728DB1487D12A00A22742 /* Build configuration list for PBXNativeTarget "Static Library" */;
			buildPhases = (
				A7D728CF1487D12A00A22742 /* Sources */,
				A7D728D01487D12A00A22742 /* Frameworks */,
				A7D728D11487D12A00A22742 /* Headers */,
			);
			buildRules = (
			);
			dependencies = (
				A7D729221487D5DD00A22742 /* PBXTargetDependency */,
			);
			name = "Static Library";
			productName = DTRichTextEditor;
			productReference = A7D728D31487D12A00A22742 /* libDTRichTextEditor.a */;
			productType = "com.apple.product-type.library.static";
		};
		A7D729131487D58A00A22742 /* Static Framework */ = {
			isa = PBXNativeTarget;
			buildConfigurationList = A7D7291C1487D58A00A22742 /* Build configuration list for PBXNativeTarget "Static Framework" */;
			buildPhases = (
				A7D7290D1487D58A00A22742 /* ShellScript */,
				A7D7290E1487D58A00A22742 /* Sources */,
				A7D7290F1487D58A00A22742 /* Frameworks */,
				A7D729101487D58A00A22742 /* Headers */,
				A7D729111487D58A00A22742 /* Resources */,
				A7D729121487D58A00A22742 /* ShellScript */,
			);
			buildRules = (
			);
			dependencies = (
			);
			name = "Static Framework";
			productName = DTRichTextEditor;
			productReference = A7D729141487D58A00A22742 /* DTRichTextEditor.framework */;
			productType = "com.apple.product-type.bundle";
		};
		A7F0C83D13C326E900EBD027 /* Demo App */ = {
			isa = PBXNativeTarget;
			buildConfigurationList = A7F0C86013C326E900EBD027 /* Build configuration list for PBXNativeTarget "Demo App" */;
			buildPhases = (
				A7F0C83A13C326E900EBD027 /* Sources */,
				A7F0C83B13C326E900EBD027 /* Frameworks */,
				A7F0C83C13C326E900EBD027 /* Resources */,
			);
			buildRules = (
			);
			dependencies = (
				A7D8FF8E14E293D700BF8CCD /* PBXTargetDependency */,
				A7D8FF8C14E293D200BF8CCD /* PBXTargetDependency */,
				A7D8FEC414E14FA300BF8CCD /* PBXTargetDependency */,
				A7D8FEC014E14F7200BF8CCD /* PBXTargetDependency */,
				A7A83B011487AAA7006BCBE1 /* PBXTargetDependency */,
			);
			name = "Demo App";
			productName = DTRichTextEditor;
			productReference = A7F0C83E13C326E900EBD027 /* DemoApp.app */;
			productType = "com.apple.product-type.application";
		};
/* End PBXNativeTarget section */

/* Begin PBXProject section */
		A7F0C83513C326E900EBD027 /* Project object */ = {
			isa = PBXProject;
			attributes = {
				LastUpgradeCheck = 0420;
				ORGANIZATIONNAME = Cocoanetics;
			};
			buildConfigurationList = A7F0C83813C326E900EBD027 /* Build configuration list for PBXProject "DTRichTextEditor" */;
			compatibilityVersion = "Xcode 3.2";
			developmentRegion = English;
			hasScannedForEncodings = 0;
			knownRegions = (
				en,
			);
			mainGroup = A7F0C83313C326E900EBD027;
			productRefGroup = A7F0C83F13C326E900EBD027 /* Products */;
			projectDirPath = "";
			projectReferences = (
				{
					ProductGroup = A7D8FEAE14E14E4500BF8CCD /* Products */;
					ProjectRef = A7235A151487A61900C9F926 /* DTCoreText.xcodeproj */;
				},
				{
					ProductGroup = A7D8FF7C14E2939500BF8CCD /* Products */;
					ProjectRef = A7D8FF7B14E2939500BF8CCD /* DTLoupe.xcodeproj */;
				},
				{
					ProductGroup = A7235A9E1487A9C000C9F926 /* Products */;
					ProjectRef = A7235A9D1487A9C000C9F926 /* DTWebArchive.xcodeproj */;
				},
			);
			projectRoot = "";
			targets = (
				A7F0C83D13C326E900EBD027 /* Demo App */,
				A7D728D21487D12A00A22742 /* Static Library */,
				A7D729131487D58A00A22742 /* Static Framework */,
			);
		};
/* End PBXProject section */

/* Begin PBXReferenceProxy section */
		A7235AA41487A9C100C9F926 /* DemoApp.app */ = {
			isa = PBXReferenceProxy;
			fileType = wrapper.application;
			path = DemoApp.app;
			remoteRef = A7235AA31487A9C100C9F926 /* PBXContainerItemProxy */;
			sourceTree = BUILT_PRODUCTS_DIR;
		};
		A7235AA61487A9C100C9F926 /* libDTWebArchive.a */ = {
			isa = PBXReferenceProxy;
			fileType = archive.ar;
			path = libDTWebArchive.a;
			remoteRef = A7235AA51487A9C100C9F926 /* PBXContainerItemProxy */;
			sourceTree = BUILT_PRODUCTS_DIR;
		};
		A7D8FEB614E14E4500BF8CCD /* DemoApp.app */ = {
			isa = PBXReferenceProxy;
			fileType = wrapper.application;
			path = DemoApp.app;
			remoteRef = A7D8FEB514E14E4500BF8CCD /* PBXContainerItemProxy */;
			sourceTree = BUILT_PRODUCTS_DIR;
		};
		A7D8FEB814E14E4500BF8CCD /* DTCoreText.framework */ = {
			isa = PBXReferenceProxy;
			fileType = wrapper.cfbundle;
			path = DTCoreText.framework;
			remoteRef = A7D8FEB714E14E4500BF8CCD /* PBXContainerItemProxy */;
			sourceTree = BUILT_PRODUCTS_DIR;
		};
		A7D8FEBA14E14E4500BF8CCD /* libDTCoreText.a */ = {
			isa = PBXReferenceProxy;
			fileType = archive.ar;
			path = libDTCoreText.a;
			remoteRef = A7D8FEB914E14E4500BF8CCD /* PBXContainerItemProxy */;
			sourceTree = BUILT_PRODUCTS_DIR;
		};
		A7D8FEBC14E14E4500BF8CCD /* UnitTest.octest */ = {
			isa = PBXReferenceProxy;
			fileType = wrapper.cfbundle;
			path = UnitTest.octest;
			remoteRef = A7D8FEBB14E14E4500BF8CCD /* PBXContainerItemProxy */;
			sourceTree = BUILT_PRODUCTS_DIR;
		};
		A7D8FEBE14E14E4500BF8CCD /* MacUnitTest.octest */ = {
			isa = PBXReferenceProxy;
			fileType = wrapper.cfbundle;
			path = MacUnitTest.octest;
			remoteRef = A7D8FEBD14E14E4500BF8CCD /* PBXContainerItemProxy */;
			sourceTree = BUILT_PRODUCTS_DIR;
		};
		A7D8FF8614E2939600BF8CCD /* Demo App.app */ = {
			isa = PBXReferenceProxy;
			fileType = wrapper.application;
			path = "Demo App.app";
			remoteRef = A7D8FF8514E2939600BF8CCD /* PBXContainerItemProxy */;
			sourceTree = BUILT_PRODUCTS_DIR;
		};
		A7D8FF8814E2939600BF8CCD /* libDTLoupe.a */ = {
			isa = PBXReferenceProxy;
			fileType = archive.ar;
			path = libDTLoupe.a;
			remoteRef = A7D8FF8714E2939600BF8CCD /* PBXContainerItemProxy */;
			sourceTree = BUILT_PRODUCTS_DIR;
		};
		A7D8FF8A14E2939600BF8CCD /* DTLoupe.bundle */ = {
			isa = PBXReferenceProxy;
			fileType = wrapper.cfbundle;
			path = DTLoupe.bundle;
			remoteRef = A7D8FF8914E2939600BF8CCD /* PBXContainerItemProxy */;
			sourceTree = BUILT_PRODUCTS_DIR;
		};
/* End PBXReferenceProxy section */

/* Begin PBXResourcesBuildPhase section */
		A7D729111487D58A00A22742 /* Resources */ = {
			isa = PBXResourcesBuildPhase;
			buildActionMask = 2147483647;
			files = (
			);
			runOnlyForDeploymentPostprocessing = 0;
		};
		A7F0C83C13C326E900EBD027 /* Resources */ = {
			isa = PBXResourcesBuildPhase;
			buildActionMask = 2147483647;
			files = (
				A743515C1486772100F4C766 /* 43-film-roll.png in Resources */,
				A743515D1486772100F4C766 /* 43-film-roll@2x.png in Resources */,
				A743515E1486772100F4C766 /* DTRichTextEditorViewController.xib in Resources */,
				A743515F1486772100F4C766 /* Icon.png in Resources */,
				A74351601486772100F4C766 /* Icon@2x.png in Resources */,
				A74351611486772100F4C766 /* MainWindow.xib in Resources */,
				A7D8FF9414E294D600BF8CCD /* DTLoupe.bundle in Resources */,
			);
			runOnlyForDeploymentPostprocessing = 0;
		};
/* End PBXResourcesBuildPhase section */

/* Begin PBXShellScriptBuildPhase section */
		A7D7290D1487D58A00A22742 /* ShellScript */ = {
			isa = PBXShellScriptBuildPhase;
			buildActionMask = 2147483647;
			files = (
			);
			inputPaths = (
			);
			outputPaths = (
			);
			runOnlyForDeploymentPostprocessing = 0;
			shellPath = /bin/sh;
			shellScript = "set -e\n\nset +u\nif [[ $UFW_MASTER_SCRIPT_RUNNING ]]\nthen\n    # Nothing for the slave script to do\n    exit 0\nfi\nset -u\n\nif [[ \"$SDK_NAME\" =~ ([A-Za-z]+) ]]\nthen\n    UFW_SDK_PLATFORM=${BASH_REMATCH[1]}\nelse\n    echo \"Could not find platform name from SDK_NAME: $SDK_NAME\"\n    exit 1\nfi\n\nif [[ \"$SDK_NAME\" =~ ([0-9]+.*$) ]]\nthen\n\tUFW_SDK_VERSION=${BASH_REMATCH[1]}\nelse\n    echo \"Could not find sdk version  from SDK_NAME: $SDK_NAME\"\n    exit 1\nfi\n\nif [[ \"$UFW_SDK_PLATFORM\" = \"iphoneos\" ]]\nthen\n    UFW_OTHER_PLATFORM=iphonesimulator\nelse\n    UFW_OTHER_PLATFORM=iphoneos\nfi\n\nif [[ \"$BUILT_PRODUCTS_DIR\" =~ (.*)$UFW_SDK_PLATFORM$ ]]\nthen\n    UFW_OTHER_BUILT_PRODUCTS_DIR=\"${BASH_REMATCH[1]}${UFW_OTHER_PLATFORM}\"\nelse\n    echo \"Could not find $UFW_SDK_PLATFORM in $BUILT_PRODUCTS_DIR\"\n    exit 1\nfi\n\n\n# Short-circuit if all binaries are up to date\n\nif [[ -f \"${BUILT_PRODUCTS_DIR}/${EXECUTABLE_PATH}\" ]] && \\\n   [[ -f \"${BUILT_PRODUCTS_DIR}/${PRODUCT_NAME}.embeddedframework/${EXECUTABLE_PATH}\" ]] && \\\n   [[ ! \"${BUILT_PRODUCTS_DIR}/${EXECUTABLE_PATH}\" -nt \"${BUILT_PRODUCTS_DIR}/${PRODUCT_NAME}.embeddedframework/${EXECUTABLE_PATH}\" ]]\n   [[ -f \"${UFW_OTHER_BUILT_PRODUCTS_DIR}/${EXECUTABLE_PATH}\" ]] && \\\n   [[ -f \"${UFW_OTHER_BUILT_PRODUCTS_DIR}/${PRODUCT_NAME}.embeddedframework/${EXECUTABLE_PATH}\" ]] && \\\n   [[ ! \"${UFW_OTHER_BUILT_PRODUCTS_DIR}/${EXECUTABLE_PATH}\" -nt \"${UFW_OTHER_BUILT_PRODUCTS_DIR}/${PRODUCT_NAME}.embeddedframework/${EXECUTABLE_PATH}\" ]]\nthen\n    exit 0\nfi\n\n\n# Clean other platform if needed\n\nif [[ ! -f \"${BUILT_PRODUCTS_DIR}/${EXECUTABLE_PATH}\" ]]\nthen\n\techo \"Platform \\\"$UFW_SDK_PLATFORM\\\" was cleaned recently. Cleaning \\\"$UFW_OTHER_PLATFORM\\\" as well\"\n\techo xcodebuild -project \"${PROJECT_FILE_PATH}\" -target \"${TARGET_NAME}\" -configuration \"${CONFIGURATION}\" -sdk ${UFW_OTHER_PLATFORM}${UFW_SDK_VERSION} BUILD_DIR=\"${BUILD_DIR}\" CONFIGURATION_TEMP_DIR=\"${PROJECT_TEMP_DIR}/${CONFIGURATION}-${UFW_OTHER_PLATFORM}\" clean\n\txcodebuild -project \"${PROJECT_FILE_PATH}\" -target \"${TARGET_NAME}\" -configuration \"${CONFIGURATION}\" -sdk ${UFW_OTHER_PLATFORM}${UFW_SDK_VERSION} BUILD_DIR=\"${BUILD_DIR}\" CONFIGURATION_TEMP_DIR=\"${PROJECT_TEMP_DIR}/${CONFIGURATION}-${UFW_OTHER_PLATFORM}\" clean\nfi\n\n\n# Make sure we are building from fresh binaries\n\nrm -rf \"${BUILT_PRODUCTS_DIR}/${EXECUTABLE_PATH}\"\nrm -rf \"${BUILT_PRODUCTS_DIR}/${PRODUCT_NAME}.embeddedframework\"\nrm -rf \"${UFW_OTHER_BUILT_PRODUCTS_DIR}/${EXECUTABLE_PATH}\"\nrm -rf \"${UFW_OTHER_BUILT_PRODUCTS_DIR}/${PRODUCT_NAME}.embeddedframework\"\n";
		};
		A7D729121487D58A00A22742 /* ShellScript */ = {
			isa = PBXShellScriptBuildPhase;
			buildActionMask = 2147483647;
			files = (
			);
			inputPaths = (
			);
			outputPaths = (
			);
			runOnlyForDeploymentPostprocessing = 0;
			shellPath = /bin/sh;
			shellScript = "set -e\n\nset +u\nif [[ $UFW_MASTER_SCRIPT_RUNNING ]]\nthen\n    # Nothing for the slave script to do\n    exit 0\nfi\nset -u\nexport UFW_MASTER_SCRIPT_RUNNING=1\n\n\n# Functions\n\n## List files in the specified directory, storing to the specified array.\n#\n# @param $1 The path to list\n# @param $2 The name of the array to fill\n#\n##\nlist_files ()\n{\n    filelist=$(ls \"$1\")\n    while read line\n    do\n        eval \"$2[\\${#$2[*]}]=\\\"\\$line\\\"\"\n    done <<< \"$filelist\"\n}\n\n\n# Sanity check\n\nif [[ ! -f \"${BUILT_PRODUCTS_DIR}/${EXECUTABLE_PATH}\" ]]\nthen\n    echo \"Framework target \\\"${TARGET_NAME}\\\" had no source files to build from. Make sure your source files have the correct target membership\"\n    exit 1\nfi\n\n\n# Gather information\n\nif [[ \"$SDK_NAME\" =~ ([A-Za-z]+) ]]\nthen\n    UFW_SDK_PLATFORM=${BASH_REMATCH[1]}\nelse\n    echo \"Could not find platform name from SDK_NAME: $SDK_NAME\"\n    exit 1\nfi\n\nif [[ \"$SDK_NAME\" =~ ([0-9]+.*$) ]]\nthen\n    UFW_SDK_VERSION=${BASH_REMATCH[1]}\nelse\n    echo \"Could not find sdk version from SDK_NAME: $SDK_NAME\"\n    exit 1\nfi\n\nif [[ \"$UFW_SDK_PLATFORM\" = \"iphoneos\" ]]\nthen\n    UFW_OTHER_PLATFORM=iphonesimulator\nelse\n    UFW_OTHER_PLATFORM=iphoneos\nfi\n\nif [[ \"$BUILT_PRODUCTS_DIR\" =~ (.*)$UFW_SDK_PLATFORM$ ]]\nthen\n    UFW_OTHER_BUILT_PRODUCTS_DIR=\"${BASH_REMATCH[1]}${UFW_OTHER_PLATFORM}\"\nelse\n    echo \"Could not find $UFW_SDK_PLATFORM in $BUILT_PRODUCTS_DIR\"\n    exit 1\nfi\n\n\n# Short-circuit if all binaries are up to date.\n# We already checked the other platform in the prerun script.\n\nif [[ -f \"${BUILT_PRODUCTS_DIR}/${EXECUTABLE_PATH}\" ]] && [[ -f \"${BUILT_PRODUCTS_DIR}/${PRODUCT_NAME}.embeddedframework/${EXECUTABLE_PATH}\" ]] && [[ ! \"${BUILT_PRODUCTS_DIR}/${EXECUTABLE_PATH}\" -nt \"${BUILT_PRODUCTS_DIR}/${PRODUCT_NAME}.embeddedframework/${EXECUTABLE_PATH}\" ]]\nthen\n    exit 0\nfi\n\n\n# Make sure the other platform gets built\n\necho \"Build other platform\"\n\necho xcodebuild -project \"${PROJECT_FILE_PATH}\" -target \"${TARGET_NAME}\" -configuration \"${CONFIGURATION}\" -sdk ${UFW_OTHER_PLATFORM}${UFW_SDK_VERSION} BUILD_DIR=\"${BUILD_DIR}\" CONFIGURATION_TEMP_DIR=\"${PROJECT_TEMP_DIR}/${CONFIGURATION}-${UFW_OTHER_PLATFORM}\" $ACTION\nxcodebuild -project \"${PROJECT_FILE_PATH}\" -target \"${TARGET_NAME}\" -configuration \"${CONFIGURATION}\" -sdk ${UFW_OTHER_PLATFORM}${UFW_SDK_VERSION} BUILD_DIR=\"${BUILD_DIR}\" CONFIGURATION_TEMP_DIR=\"${PROJECT_TEMP_DIR}/${CONFIGURATION}-${UFW_OTHER_PLATFORM}\" $ACTION\n\n\n# Build the fat static library binary\n\necho \"Create universal static library\"\n\necho \"$PLATFORM_DEVELOPER_BIN_DIR/libtool\" -static \"${BUILT_PRODUCTS_DIR}/${EXECUTABLE_PATH}\" \"${UFW_OTHER_BUILT_PRODUCTS_DIR}/${EXECUTABLE_PATH}\" -o \"${BUILT_PRODUCTS_DIR}/${EXECUTABLE_PATH}.temp\"\n\"$PLATFORM_DEVELOPER_BIN_DIR/libtool\" -static \"${BUILT_PRODUCTS_DIR}/${EXECUTABLE_PATH}\" \"${UFW_OTHER_BUILT_PRODUCTS_DIR}/${EXECUTABLE_PATH}\" -o \"${BUILT_PRODUCTS_DIR}/${EXECUTABLE_PATH}.temp\"\n\necho mv \"${BUILT_PRODUCTS_DIR}/${EXECUTABLE_PATH}.temp\" \"${BUILT_PRODUCTS_DIR}/${EXECUTABLE_PATH}\"\nmv \"${BUILT_PRODUCTS_DIR}/${EXECUTABLE_PATH}.temp\" \"${BUILT_PRODUCTS_DIR}/${EXECUTABLE_PATH}\"\n\n\n# Build framework structure\n\necho \"Build symlinks\"\n\necho ln -sf A \"${BUILT_PRODUCTS_DIR}/${WRAPPER_NAME}/Versions/Current\"\nln -sf A \"${BUILT_PRODUCTS_DIR}/${WRAPPER_NAME}/Versions/Current\"\necho ln -sf Versions/Current/Headers \"${BUILT_PRODUCTS_DIR}/${WRAPPER_NAME}/Headers\"\nln -sf Versions/Current/Headers \"${BUILT_PRODUCTS_DIR}/${WRAPPER_NAME}/Headers\"\necho ln -sf Versions/Current/Resources \"${BUILT_PRODUCTS_DIR}/${WRAPPER_NAME}/Resources\"\nln -sf Versions/Current/Resources \"${BUILT_PRODUCTS_DIR}/${WRAPPER_NAME}/Resources\"\necho ln -sf \"Versions/Current/${EXECUTABLE_NAME}\" \"${BUILT_PRODUCTS_DIR}/${WRAPPER_NAME}/${EXECUTABLE_NAME}\"\nln -sf \"Versions/Current/${EXECUTABLE_NAME}\" \"${BUILT_PRODUCTS_DIR}/${WRAPPER_NAME}/${EXECUTABLE_NAME}\"\n\n\n# Link to binary for unit tests\n\nmkdir -p \"${BUILT_PRODUCTS_DIR}/.fake_fw_testing.framework\"\nln -sf \"../${WRAPPER_NAME}/${EXECUTABLE_NAME}\" \"${BUILT_PRODUCTS_DIR}/.fake_fw_testing.framework/.fake_fw_testing\"\n\n\n# Build embedded framework structure\n\necho \"Build Embedded Framework\"\n\necho rm -rf \"${BUILT_PRODUCTS_DIR}/${PRODUCT_NAME}.embeddedframework\"\nrm -rf \"${BUILT_PRODUCTS_DIR}/${PRODUCT_NAME}.embeddedframework\"\necho mkdir -p \"${BUILT_PRODUCTS_DIR}/${PRODUCT_NAME}.embeddedframework/Resources\"\nmkdir -p \"${BUILT_PRODUCTS_DIR}/${PRODUCT_NAME}.embeddedframework/Resources\"\necho cp -a \"${BUILT_PRODUCTS_DIR}/${WRAPPER_NAME}\" \"${BUILT_PRODUCTS_DIR}/${PRODUCT_NAME}.embeddedframework/\"\ncp -a \"${BUILT_PRODUCTS_DIR}/${WRAPPER_NAME}\" \"${BUILT_PRODUCTS_DIR}/${PRODUCT_NAME}.embeddedframework/\"\n\ndeclare -a UFW_FILE_LIST\nlist_files \"${BUILT_PRODUCTS_DIR}/${UNLOCALIZED_RESOURCES_FOLDER_PATH}\" UFW_FILE_LIST\nfor filename in \"${UFW_FILE_LIST[@]}\"\ndo\n    if [[ \"${filename}\" != \"Info.plist\" ]] && [[ ! \"${filename}\" =~ .*\\.lproj$ ]]\n    then\n        echo ln -sf \"../${WRAPPER_NAME}/Resources/${filename}\" \"${BUILT_PRODUCTS_DIR}/${PRODUCT_NAME}.embeddedframework/Resources/${filename}\"\n        ln -sf \"../${WRAPPER_NAME}/Resources/${filename}\" \"${BUILT_PRODUCTS_DIR}/${PRODUCT_NAME}.embeddedframework/Resources/${filename}\"\n    fi\ndone\n\n\n# Replace other platform's framework with a copy of this one (so that both have the same universal binary)\n\necho \"Copy from $UFW_SDK_PLATFORM to $UFW_OTHER_PLATFORM\"\n\necho rm -rf \"${BUILD_DIR}/${CONFIGURATION}-${UFW_OTHER_PLATFORM}\"\nrm -rf \"${BUILD_DIR}/${CONFIGURATION}-${UFW_OTHER_PLATFORM}\"\necho cp -a \"${BUILD_DIR}/${CONFIGURATION}-${UFW_SDK_PLATFORM}\" \"${BUILD_DIR}/${CONFIGURATION}-${UFW_OTHER_PLATFORM}\"\ncp -a \"${BUILD_DIR}/${CONFIGURATION}-${UFW_SDK_PLATFORM}\" \"${BUILD_DIR}/${CONFIGURATION}-${UFW_OTHER_PLATFORM}\"\n";
		};
/* End PBXShellScriptBuildPhase section */

/* Begin PBXSourcesBuildPhase section */
		A7D728CF1487D12A00A22742 /* Sources */ = {
			isa = PBXSourcesBuildPhase;
			buildActionMask = 2147483647;
			files = (
				A7D728E31487D1B500A22742 /* NSAttributedString+DTWebArchive.m in Sources */,
				A7D728E51487D1B500A22742 /* DTCoreTextLayoutFrame+DTRichText.m in Sources */,
				A7D728E71487D1B500A22742 /* NSAttributedString+DTRichText.m in Sources */,
				A7D728E91487D1B500A22742 /* NSDictionary+DTRichText.m in Sources */,
				A7D728EB1487D1B500A22742 /* NSMutableAttributedString+DTRichText.m in Sources */,
				A7D728ED1487D1B500A22742 /* NSMutableDictionary+DTRichText.m in Sources */,
				A7D728EF1487D1B500A22742 /* DTWebResource+DTRichText.m in Sources */,
				A7D728F11487D1B500A22742 /* DTCursorView.m in Sources */,
				A7D728F31487D1B500A22742 /* DTMutableCoreTextLayoutFrame.m in Sources */,
				A7D728F51487D1B500A22742 /* DTRichTextCategories.m in Sources */,
				A7D728F71487D1B500A22742 /* DTRichTextEditorContentView.m in Sources */,
				A7D728F91487D1B500A22742 /* DTRichTextEditorView.m in Sources */,
				A7D728FB1487D1B500A22742 /* DTSelectionGestureRecognizer.m in Sources */,
				A7D728FD1487D1B500A22742 /* DTTextPosition.m in Sources */,
				A7D728FF1487D1B500A22742 /* DTTextRange.m in Sources */,
				A7D729011487D1B500A22742 /* DTTextSelectionView.m in Sources */,
				A7D729031487D1B500A22742 /* DTTiledLayerWithoutFade.m in Sources */,
			);
			runOnlyForDeploymentPostprocessing = 0;
		};
		A7D7290E1487D58A00A22742 /* Sources */ = {
			isa = PBXSourcesBuildPhase;
			buildActionMask = 2147483647;
			files = (
				A7D729261487D97C00A22742 /* DTCursorView.m in Sources */,
				A7D729281487D97C00A22742 /* DTMutableCoreTextLayoutFrame.m in Sources */,
				A7D7292A1487D97C00A22742 /* DTRichTextCategories.m in Sources */,
				A7D7292C1487D97C00A22742 /* DTRichTextEditorContentView.m in Sources */,
				A7D7292E1487D97C00A22742 /* DTRichTextEditorView.m in Sources */,
				A7D729301487D97C00A22742 /* DTSelectionGestureRecognizer.m in Sources */,
				A7D729321487D97C00A22742 /* DTTextPosition.m in Sources */,
				A7D729341487D97C00A22742 /* DTTextRange.m in Sources */,
				A7D729361487D97C00A22742 /* DTTextSelectionView.m in Sources */,
				A7D729381487D97C00A22742 /* DTTiledLayerWithoutFade.m in Sources */,
			);
			runOnlyForDeploymentPostprocessing = 0;
		};
		A7F0C83A13C326E900EBD027 /* Sources */ = {
			isa = PBXSourcesBuildPhase;
			buildActionMask = 2147483647;
			files = (
				A74351621486772100F4C766 /* DTRichTextEditorAppDelegate.m in Sources */,
				A74351631486772100F4C766 /* DTRichTextEditorViewController.m in Sources */,
				A74351641486772100F4C766 /* main.m in Sources */,
				A7D728651487C2F300A22742 /* NSAttributedString+DTWebArchive.m in Sources */,
				A7D728941487C46600A22742 /* DTWebResource+DTRichText.m in Sources */,
			);
			runOnlyForDeploymentPostprocessing = 0;
		};
/* End PBXSourcesBuildPhase section */

/* Begin PBXTargetDependency section */
		A7A83B011487AAA7006BCBE1 /* PBXTargetDependency */ = {
			isa = PBXTargetDependency;
			name = "Static Library";
			targetProxy = A7A83B001487AAA7006BCBE1 /* PBXContainerItemProxy */;
		};
		A7D729221487D5DD00A22742 /* PBXTargetDependency */ = {
			isa = PBXTargetDependency;
			name = "Static Library";
			targetProxy = A7D729211487D5DD00A22742 /* PBXContainerItemProxy */;
		};
		A7D8FEC014E14F7200BF8CCD /* PBXTargetDependency */ = {
			isa = PBXTargetDependency;
			name = "Static Library";
			targetProxy = A7D8FEBF14E14F7200BF8CCD /* PBXContainerItemProxy */;
		};
		A7D8FEC414E14FA300BF8CCD /* PBXTargetDependency */ = {
			isa = PBXTargetDependency;
			target = A7D728D21487D12A00A22742 /* Static Library */;
			targetProxy = A7D8FEC314E14FA300BF8CCD /* PBXContainerItemProxy */;
		};
		A7D8FF8C14E293D200BF8CCD /* PBXTargetDependency */ = {
			isa = PBXTargetDependency;
			name = "Resource Bundle";
			targetProxy = A7D8FF8B14E293D200BF8CCD /* PBXContainerItemProxy */;
		};
		A7D8FF8E14E293D700BF8CCD /* PBXTargetDependency */ = {
			isa = PBXTargetDependency;
			name = "Static Library";
			targetProxy = A7D8FF8D14E293D700BF8CCD /* PBXContainerItemProxy */;
		};
/* End PBXTargetDependency section */

/* Begin XCBuildConfiguration section */
		A7D728DC1487D12A00A22742 /* Debug */ = {
			isa = XCBuildConfiguration;
			buildSettings = {
				DSTROOT = /tmp/DTRichTextEditor.dst;
				GCC_PRECOMPILE_PREFIX_HEADER = YES;
				GCC_PREFIX_HEADER = "Core/DTRichTextEditor-Prefix.pch";
				IPHONEOS_DEPLOYMENT_TARGET = 4.3;
				OTHER_LDFLAGS = (
					"-ObjC",
					"-all_load",
				);
				PRODUCT_NAME = DTRichTextEditor;
				SKIP_INSTALL = YES;
				USER_HEADER_SEARCH_PATHS = "Core/Externals/**";
			};
			name = Debug;
		};
		A7D728DD1487D12A00A22742 /* Release */ = {
			isa = XCBuildConfiguration;
			buildSettings = {
				DSTROOT = /tmp/DTRichTextEditor.dst;
				GCC_PRECOMPILE_PREFIX_HEADER = YES;
				GCC_PREFIX_HEADER = "Core/DTRichTextEditor-Prefix.pch";
				IPHONEOS_DEPLOYMENT_TARGET = 4.3;
				OTHER_LDFLAGS = (
					"-ObjC",
					"-all_load",
				);
				PRODUCT_NAME = DTRichTextEditor;
				SKIP_INSTALL = YES;
				USER_HEADER_SEARCH_PATHS = "Core/Externals/**";
			};
			name = Release;
		};
		A7D7291D1487D58A00A22742 /* Debug */ = {
			isa = XCBuildConfiguration;
			buildSettings = {
				CONTENTS_FOLDER_PATH = "$(WRAPPER_NAME)/Versions/$(FRAMEWORK_VERSION)";
				DEAD_CODE_STRIPPING = NO;
				DEPLOYMENT_POSTPROCESSING = YES;
				DYLIB_COMPATIBILITY_VERSION = 1;
				DYLIB_CURRENT_VERSION = 1;
				FRAMEWORK_VERSION = A;
				GCC_PRECOMPILE_PREFIX_HEADER = YES;
				GCC_PREFIX_HEADER = "Core/DTRichTextEditor-Prefix.pch";
				INFOPLIST_FILE = "Core/DTRichTextEditor-Info.plist";
				INFOPLIST_PATH = "$(UNLOCALIZED_RESOURCES_FOLDER_PATH)/Info.plist";
				INSTALL_PATH = "$(BUILT_PRODUCTS_DIR)";
				IPHONEOS_DEPLOYMENT_TARGET = 5.0;
				LINK_WITH_STANDARD_LIBRARIES = NO;
				MACH_O_TYPE = mh_object;
				PRODUCT_NAME = DTRichTextEditor;
				SKIP_INSTALL = YES;
				UNLOCALIZED_RESOURCES_FOLDER_PATH = "$(CONTENTS_FOLDER_PATH)/Resources";
				USER_HEADER_SEARCH_PATHS = "Core/Externals/**";
				WRAPPER_EXTENSION = framework;
			};
			name = Debug;
		};
		A7D7291E1487D58A00A22742 /* Release */ = {
			isa = XCBuildConfiguration;
			buildSettings = {
				CONTENTS_FOLDER_PATH = "$(WRAPPER_NAME)/Versions/$(FRAMEWORK_VERSION)";
				DEAD_CODE_STRIPPING = NO;
				DEPLOYMENT_POSTPROCESSING = YES;
				DYLIB_COMPATIBILITY_VERSION = 1;
				DYLIB_CURRENT_VERSION = 1;
				FRAMEWORK_VERSION = A;
				GCC_PRECOMPILE_PREFIX_HEADER = YES;
				GCC_PREFIX_HEADER = "Core/DTRichTextEditor-Prefix.pch";
				INFOPLIST_FILE = "Core/DTRichTextEditor-Info.plist";
				INFOPLIST_PATH = "$(UNLOCALIZED_RESOURCES_FOLDER_PATH)/Info.plist";
				INSTALL_PATH = "$(BUILT_PRODUCTS_DIR)";
				IPHONEOS_DEPLOYMENT_TARGET = 5.0;
				LINK_WITH_STANDARD_LIBRARIES = NO;
				MACH_O_TYPE = mh_object;
				PRODUCT_NAME = DTRichTextEditor;
				SKIP_INSTALL = YES;
				UNLOCALIZED_RESOURCES_FOLDER_PATH = "$(CONTENTS_FOLDER_PATH)/Resources";
				USER_HEADER_SEARCH_PATHS = "Core/Externals/**";
				WRAPPER_EXTENSION = framework;
			};
			name = Release;
		};
		A7F0C85E13C326E900EBD027 /* Debug */ = {
			isa = XCBuildConfiguration;
			buildSettings = {
				ALWAYS_SEARCH_USER_PATHS = NO;
				ARCHS = "$(ARCHS_STANDARD_32_BIT)";
				"CODE_SIGN_IDENTITY[sdk=iphoneos*]" = "iPhone Developer";
				COPY_PHASE_STRIP = NO;
				GCC_C_LANGUAGE_STANDARD = gnu99;
				GCC_DYNAMIC_NO_PIC = NO;
				GCC_OPTIMIZATION_LEVEL = 0;
				GCC_PREPROCESSOR_DEFINITIONS = (
					"DEBUG=1",
					"$(inherited)",
				);
				GCC_SYMBOLS_PRIVATE_EXTERN = NO;
				GCC_VERSION = com.apple.compilers.llvm.clang.1_0;
				GCC_WARN_ABOUT_MISSING_PROTOTYPES = YES;
				GCC_WARN_ABOUT_RETURN_TYPE = YES;
				GCC_WARN_UNUSED_VARIABLE = YES;
				IPHONEOS_DEPLOYMENT_TARGET = 4.3;
				SDKROOT = iphoneos;
				TARGETED_DEVICE_FAMILY = "1,2";
			};
			name = Debug;
		};
		A7F0C85F13C326E900EBD027 /* Release */ = {
			isa = XCBuildConfiguration;
			buildSettings = {
				ALWAYS_SEARCH_USER_PATHS = NO;
				ARCHS = "$(ARCHS_STANDARD_32_BIT)";
				"CODE_SIGN_IDENTITY[sdk=iphoneos*]" = "iPhone Developer";
				COPY_PHASE_STRIP = YES;
				GCC_C_LANGUAGE_STANDARD = gnu99;
				GCC_VERSION = com.apple.compilers.llvm.clang.1_0;
				GCC_WARN_ABOUT_MISSING_PROTOTYPES = YES;
				GCC_WARN_ABOUT_RETURN_TYPE = YES;
				GCC_WARN_UNUSED_VARIABLE = YES;
				IPHONEOS_DEPLOYMENT_TARGET = 4.3;
				OTHER_CFLAGS = "-DNS_BLOCK_ASSERTIONS=1";
				SDKROOT = iphoneos;
				TARGETED_DEVICE_FAMILY = "1,2";
				VALIDATE_PRODUCT = YES;
			};
			name = Release;
		};
		A7F0C86113C326E900EBD027 /* Debug */ = {
			isa = XCBuildConfiguration;
			buildSettings = {
				GCC_PRECOMPILE_PREFIX_HEADER = YES;
				GCC_PREFIX_HEADER = "Demo/DTRichTextEditor-Prefix.pch";
				HEADER_SEARCH_PATHS = "";
				INFOPLIST_FILE = "Demo/DTRichTextEditor-Info.plist";
				OTHER_LDFLAGS = (
					"-fobjc-arc",
					"-ObjC",
					"-all_load",
				);
				PRODUCT_NAME = DemoApp;
				USER_HEADER_SEARCH_PATHS = "Core/Externals/**";
				WRAPPER_EXTENSION = app;
			};
			name = Debug;
		};
		A7F0C86213C326E900EBD027 /* Release */ = {
			isa = XCBuildConfiguration;
			buildSettings = {
				GCC_PRECOMPILE_PREFIX_HEADER = YES;
				GCC_PREFIX_HEADER = "Demo/DTRichTextEditor-Prefix.pch";
				HEADER_SEARCH_PATHS = "";
				INFOPLIST_FILE = "Demo/DTRichTextEditor-Info.plist";
				OTHER_LDFLAGS = (
					"-fobjc-arc",
					"-ObjC",
					"-all_load",
				);
				PRODUCT_NAME = DemoApp;
				USER_HEADER_SEARCH_PATHS = "Core/Externals/**";
				WRAPPER_EXTENSION = app;
			};
			name = Release;
		};
/* End XCBuildConfiguration section */

/* Begin XCConfigurationList section */
		A7D728DB1487D12A00A22742 /* Build configuration list for PBXNativeTarget "Static Library" */ = {
			isa = XCConfigurationList;
			buildConfigurations = (
				A7D728DC1487D12A00A22742 /* Debug */,
				A7D728DD1487D12A00A22742 /* Release */,
			);
			defaultConfigurationIsVisible = 0;
			defaultConfigurationName = Release;
		};
		A7D7291C1487D58A00A22742 /* Build configuration list for PBXNativeTarget "Static Framework" */ = {
			isa = XCConfigurationList;
			buildConfigurations = (
				A7D7291D1487D58A00A22742 /* Debug */,
				A7D7291E1487D58A00A22742 /* Release */,
			);
			defaultConfigurationIsVisible = 0;
			defaultConfigurationName = Release;
		};
		A7F0C83813C326E900EBD027 /* Build configuration list for PBXProject "DTRichTextEditor" */ = {
			isa = XCConfigurationList;
			buildConfigurations = (
				A7F0C85E13C326E900EBD027 /* Debug */,
				A7F0C85F13C326E900EBD027 /* Release */,
			);
			defaultConfigurationIsVisible = 0;
			defaultConfigurationName = Release;
		};
		A7F0C86013C326E900EBD027 /* Build configuration list for PBXNativeTarget "Demo App" */ = {
			isa = XCConfigurationList;
			buildConfigurations = (
				A7F0C86113C326E900EBD027 /* Debug */,
				A7F0C86213C326E900EBD027 /* Release */,
			);
			defaultConfigurationIsVisible = 0;
			defaultConfigurationName = Release;
		};
/* End XCConfigurationList section */
	};
	rootObject = A7F0C83513C326E900EBD027 /* Project object */;
}
